# This file is autogenerated, do not edit; changes may be undone by the next 'dep ensure'.


[[projects]]
  branch = "master"
  digest = "1:53ebbb75e677432e4f3561b322b52bc295d7a8466523bfa07396611980e7c2d5"
  name = "github.com/iovisor/gobpf"
  packages = [
    "elf",
    "pkg/bpffs",
    "pkg/cpuonline",
  ]
  pruneopts = "UT"
  revision = "b0976764b280339f738c5f4dfd5168b9437ff049"

[[projects]]
  digest = "1:2d9d06cb9d46dacfdbb45f8575b39fc0126d083841a29d4fbf8d97708f43107e"
  name = "github.com/vishvananda/netlink"
  packages = [
    ".",
    "nl",
  ]
  pruneopts = "UT"
  revision = "a2ad57a690f3caf3015351d2d6e1c0b95c349752"
  version = "v1.0.0"

[[projects]]
  branch = "master"
  digest = "1:e4e30678fb2560b5c62f6308c5023d6c294fc7713216fa379411cc74465e866f"
  name = "github.com/vishvananda/netns"
  packages = ["."]
  pruneopts = "UT"
  revision = "13995c7128ccc8e51e9a6bd2b551020a27180abd"

[[projects]]
  branch = "master"
  digest = "1:91137b48dc3eb34409f731b49f63a5ebf73218168a065e1a93af24eb5b2f99e8"
  name = "golang.org/x/sys"
  packages = ["unix"]
  pruneopts = "UT"
  revision = "48ac38b7c8cbedd50b1613c0fccacfc7d88dfcdf"

[solve-meta]
  analyzer-name = "dep"
  analyzer-version = 1
  input-imports = [
    "github.com/iovisor/gobpf/elf",
    "github.com/vishvananda/netlink",
  ]
  solver-name = "gps-cdcl"
  solver-version = 1
